// !$*UTF8*$!
{
	archiveVersion = 1;
	classes = {
	};
	objectVersion = 55;
	objects = {

/* Begin PBXBuildFile section */
		011AED8A28B4D03000E77F93 /* TrappleApp.swift in Sources */ = {isa = PBXBuildFile; fileRef = 011AED8928B4D03000E77F93 /* TrappleApp.swift */; };
		011AED8C28B4D03000E77F93 /* ContentView.swift in Sources */ = {isa = PBXBuildFile; fileRef = 011AED8B28B4D03000E77F93 /* ContentView.swift */; };
		011AED8E28B4D03300E77F93 /* Assets.xcassets in Resources */ = {isa = PBXBuildFile; fileRef = 011AED8D28B4D03300E77F93 /* Assets.xcassets */; };
		011AED9128B4D03300E77F93 /* Preview Assets.xcassets in Resources */ = {isa = PBXBuildFile; fileRef = 011AED9028B4D03300E77F93 /* Preview Assets.xcassets */; };
		011AED9A28B4D15600E77F93 /* CloudKit.framework in Frameworks */ = {isa = PBXBuildFile; fileRef = 011AED9928B4D15600E77F93 /* CloudKit.framework */; };
		701DD85B28B62459003E53CD /* TripHomePageView.swift in Sources */ = {isa = PBXBuildFile; fileRef = 701DD85A28B62459003E53CD /* TripHomePageView.swift */; };
		701E3B0028BB14D2008CFEB3 /* Gilroy-ExtraBold.otf in Resources */ = {isa = PBXBuildFile; fileRef = 701E3AFE28BB14D2008CFEB3 /* Gilroy-ExtraBold.otf */; };
		701E3B0128BB14D2008CFEB3 /* Gilroy-Light.otf in Resources */ = {isa = PBXBuildFile; fileRef = 701E3AFF28BB14D2008CFEB3 /* Gilroy-Light.otf */; };
		705EBB8928BC8940006B985C /* RundownCardview.swift in Sources */ = {isa = PBXBuildFile; fileRef = 705EBB8828BC8940006B985C /* RundownCardview.swift */; };
		705EBB8B28BCA435006B985C /* RundownCardviewDetail.swift in Sources */ = {isa = PBXBuildFile; fileRef = 705EBB8A28BCA435006B985C /* RundownCardviewDetail.swift */; };
		705EBB8D28BCB07C006B985C /* EquipmentView.swift in Sources */ = {isa = PBXBuildFile; fileRef = 705EBB8C28BCB07C006B985C /* EquipmentView.swift */; };
		705EBB8F28BCBFF0006B985C /* AddCategoryView.swift in Sources */ = {isa = PBXBuildFile; fileRef = 705EBB8E28BCBFF0006B985C /* AddCategoryView.swift */; };
		705EBB9128BDE8DF006B985C /* EquipmentCardview.swift in Sources */ = {isa = PBXBuildFile; fileRef = 705EBB9028BDE8DF006B985C /* EquipmentCardview.swift */; };
		705EBB9328BDE8FD006B985C /* ItemListCardview.swift in Sources */ = {isa = PBXBuildFile; fileRef = 705EBB9228BDE8FD006B985C /* ItemListCardview.swift */; };
		705EBB9528BDE958006B985C /* AddItemVIew.swift in Sources */ = {isa = PBXBuildFile; fileRef = 705EBB9428BDE958006B985C /* AddItemVIew.swift */; };
		705EBB9728BDEBE9006B985C /* CategoryView.swift in Sources */ = {isa = PBXBuildFile; fileRef = 705EBB9628BDEBE9006B985C /* CategoryView.swift */; };
		B3B8FD7828B895F90007A213 /* TravelPlanView.swift in Sources */ = {isa = PBXBuildFile; fileRef = B3B8FD7728B895F90007A213 /* TravelPlanView.swift */; };
		B3B8FD7A28B8960C0007A213 /* MyProfileView.swift in Sources */ = {isa = PBXBuildFile; fileRef = B3B8FD7928B8960C0007A213 /* MyProfileView.swift */; };
		B3B8FD7C28B8B9EE0007A213 /* CreatePlanView.swift in Sources */ = {isa = PBXBuildFile; fileRef = B3B8FD7B28B8B9EE0007A213 /* CreatePlanView.swift */; };
		B3B8FD7E28B8C35B0007A213 /* TripCardView.swift in Sources */ = {isa = PBXBuildFile; fileRef = B3B8FD7D28B8C35B0007A213 /* TripCardView.swift */; };
		B3B8FD8628BB94110007A213 /* RundownView.swift in Sources */ = {isa = PBXBuildFile; fileRef = B3B8FD8528BB94110007A213 /* RundownView.swift */; };
		B3B8FD8828BB942C0007A213 /* NavigationAppearance.swift in Sources */ = {isa = PBXBuildFile; fileRef = B3B8FD8728BB942C0007A213 /* NavigationAppearance.swift */; };
		B3B8FD8A28BB944B0007A213 /* ColorSet.swift in Sources */ = {isa = PBXBuildFile; fileRef = B3B8FD8928BB944B0007A213 /* ColorSet.swift */; };
		B3B8FD8C28BC9C970007A213 /* SubmissionImagePicker.swift in Sources */ = {isa = PBXBuildFile; fileRef = B3B8FD8B28BC9C970007A213 /* SubmissionImagePicker.swift */; };
		B3B8FD8E28BCA3FB0007A213 /* RulesCardView.swift in Sources */ = {isa = PBXBuildFile; fileRef = B3B8FD8D28BCA3FB0007A213 /* RulesCardView.swift */; };
		B3B8FD9028BCBD650007A213 /* RulesView.swift in Sources */ = {isa = PBXBuildFile; fileRef = B3B8FD8F28BCBD650007A213 /* RulesView.swift */; };
		B3B8FD9228BCC3BF0007A213 /* RulesModel.swift in Sources */ = {isa = PBXBuildFile; fileRef = B3B8FD9128BCC3BF0007A213 /* RulesModel.swift */; };
		B3B8FD9428BCC3C70007A213 /* RulesViewModel.swift in Sources */ = {isa = PBXBuildFile; fileRef = B3B8FD9328BCC3C70007A213 /* RulesViewModel.swift */; };
		B3B8FD9628BE1DFE0007A213 /* AddRundownView.swift in Sources */ = {isa = PBXBuildFile; fileRef = B3B8FD9528BE1DFE0007A213 /* AddRundownView.swift */; };
		B3EFEA4E28B6078F00B3C53A /* HomeView.swift in Sources */ = {isa = PBXBuildFile; fileRef = B3EFEA4D28B6078F00B3C53A /* HomeView.swift */; };
/* End PBXBuildFile section */

/* Begin PBXFileReference section */
		011AED8628B4D03000E77F93 /* Trapple.app */ = {isa = PBXFileReference; explicitFileType = wrapper.application; includeInIndex = 0; path = Trapple.app; sourceTree = BUILT_PRODUCTS_DIR; };
		011AED8928B4D03000E77F93 /* TrappleApp.swift */ = {isa = PBXFileReference; lastKnownFileType = sourcecode.swift; path = TrappleApp.swift; sourceTree = "<group>"; };
		011AED8B28B4D03000E77F93 /* ContentView.swift */ = {isa = PBXFileReference; lastKnownFileType = sourcecode.swift; path = ContentView.swift; sourceTree = "<group>"; };
		011AED8D28B4D03300E77F93 /* Assets.xcassets */ = {isa = PBXFileReference; lastKnownFileType = folder.assetcatalog; path = Assets.xcassets; sourceTree = "<group>"; };
		011AED9028B4D03300E77F93 /* Preview Assets.xcassets */ = {isa = PBXFileReference; lastKnownFileType = folder.assetcatalog; path = "Preview Assets.xcassets"; sourceTree = "<group>"; };
		011AED9728B4D12E00E77F93 /* Trapple.entitlements */ = {isa = PBXFileReference; lastKnownFileType = text.plist.entitlements; path = Trapple.entitlements; sourceTree = "<group>"; };
		011AED9928B4D15600E77F93 /* CloudKit.framework */ = {isa = PBXFileReference; lastKnownFileType = wrapper.framework; name = CloudKit.framework; path = System/Library/Frameworks/CloudKit.framework; sourceTree = SDKROOT; };
		701DD85A28B62459003E53CD /* TripHomePageView.swift */ = {isa = PBXFileReference; lastKnownFileType = sourcecode.swift; path = TripHomePageView.swift; sourceTree = "<group>"; };
		701E3AFE28BB14D2008CFEB3 /* Gilroy-ExtraBold.otf */ = {isa = PBXFileReference; lastKnownFileType = file; path = "Gilroy-ExtraBold.otf"; sourceTree = "<group>"; };
		701E3AFF28BB14D2008CFEB3 /* Gilroy-Light.otf */ = {isa = PBXFileReference; lastKnownFileType = file; path = "Gilroy-Light.otf"; sourceTree = "<group>"; };
		701E3B0228BB172D008CFEB3 /* Info.plist */ = {isa = PBXFileReference; lastKnownFileType = text.plist; path = Info.plist; sourceTree = "<group>"; };
		705EBB8828BC8940006B985C /* RundownCardview.swift */ = {isa = PBXFileReference; lastKnownFileType = sourcecode.swift; path = RundownCardview.swift; sourceTree = "<group>"; };
		705EBB8A28BCA435006B985C /* RundownCardviewDetail.swift */ = {isa = PBXFileReference; lastKnownFileType = sourcecode.swift; path = RundownCardviewDetail.swift; sourceTree = "<group>"; };
		705EBB8C28BCB07C006B985C /* EquipmentView.swift */ = {isa = PBXFileReference; lastKnownFileType = sourcecode.swift; path = EquipmentView.swift; sourceTree = "<group>"; };
		705EBB8E28BCBFF0006B985C /* AddCategoryView.swift */ = {isa = PBXFileReference; lastKnownFileType = sourcecode.swift; path = AddCategoryView.swift; sourceTree = "<group>"; };
		705EBB9028BDE8DF006B985C /* EquipmentCardview.swift */ = {isa = PBXFileReference; lastKnownFileType = sourcecode.swift; path = EquipmentCardview.swift; sourceTree = "<group>"; };
		705EBB9228BDE8FD006B985C /* ItemListCardview.swift */ = {isa = PBXFileReference; lastKnownFileType = sourcecode.swift; path = ItemListCardview.swift; sourceTree = "<group>"; };
		705EBB9428BDE958006B985C /* AddItemVIew.swift */ = {isa = PBXFileReference; lastKnownFileType = sourcecode.swift; path = AddItemVIew.swift; sourceTree = "<group>"; };
		705EBB9628BDEBE9006B985C /* CategoryView.swift */ = {isa = PBXFileReference; lastKnownFileType = sourcecode.swift; path = CategoryView.swift; sourceTree = "<group>"; };
		B3B8FD7728B895F90007A213 /* TravelPlanView.swift */ = {isa = PBXFileReference; lastKnownFileType = sourcecode.swift; path = TravelPlanView.swift; sourceTree = "<group>"; };
		B3B8FD7928B8960C0007A213 /* MyProfileView.swift */ = {isa = PBXFileReference; lastKnownFileType = sourcecode.swift; path = MyProfileView.swift; sourceTree = "<group>"; };
		B3B8FD7B28B8B9EE0007A213 /* CreatePlanView.swift */ = {isa = PBXFileReference; lastKnownFileType = sourcecode.swift; path = CreatePlanView.swift; sourceTree = "<group>"; };
		B3B8FD7D28B8C35B0007A213 /* TripCardView.swift */ = {isa = PBXFileReference; lastKnownFileType = sourcecode.swift; path = TripCardView.swift; sourceTree = "<group>"; };
		B3B8FD8528BB94110007A213 /* RundownView.swift */ = {isa = PBXFileReference; lastKnownFileType = sourcecode.swift; path = RundownView.swift; sourceTree = "<group>"; };
		B3B8FD8728BB942C0007A213 /* NavigationAppearance.swift */ = {isa = PBXFileReference; lastKnownFileType = sourcecode.swift; path = NavigationAppearance.swift; sourceTree = "<group>"; };
		B3B8FD8928BB944B0007A213 /* ColorSet.swift */ = {isa = PBXFileReference; lastKnownFileType = sourcecode.swift; path = ColorSet.swift; sourceTree = "<group>"; };
		B3B8FD8B28BC9C970007A213 /* SubmissionImagePicker.swift */ = {isa = PBXFileReference; lastKnownFileType = sourcecode.swift; path = SubmissionImagePicker.swift; sourceTree = "<group>"; };
		B3B8FD8D28BCA3FB0007A213 /* RulesCardView.swift */ = {isa = PBXFileReference; lastKnownFileType = sourcecode.swift; path = RulesCardView.swift; sourceTree = "<group>"; };
		B3B8FD8F28BCBD650007A213 /* RulesView.swift */ = {isa = PBXFileReference; lastKnownFileType = sourcecode.swift; path = RulesView.swift; sourceTree = "<group>"; };
		B3B8FD9128BCC3BF0007A213 /* RulesModel.swift */ = {isa = PBXFileReference; lastKnownFileType = sourcecode.swift; path = RulesModel.swift; sourceTree = "<group>"; };
		B3B8FD9328BCC3C70007A213 /* RulesViewModel.swift */ = {isa = PBXFileReference; lastKnownFileType = sourcecode.swift; path = RulesViewModel.swift; sourceTree = "<group>"; };
		B3B8FD9528BE1DFE0007A213 /* AddRundownView.swift */ = {isa = PBXFileReference; fileEncoding = 4; lastKnownFileType = sourcecode.swift; path = AddRundownView.swift; sourceTree = "<group>"; };
		B3EFEA4D28B6078F00B3C53A /* HomeView.swift */ = {isa = PBXFileReference; lastKnownFileType = sourcecode.swift; path = HomeView.swift; sourceTree = "<group>"; };
/* End PBXFileReference section */

/* Begin PBXFrameworksBuildPhase section */
		011AED8328B4D03000E77F93 /* Frameworks */ = {
			isa = PBXFrameworksBuildPhase;
			buildActionMask = 2147483647;
			files = (
				011AED9A28B4D15600E77F93 /* CloudKit.framework in Frameworks */,
			);
			runOnlyForDeploymentPostprocessing = 0;
		};
/* End PBXFrameworksBuildPhase section */

/* Begin PBXGroup section */
		011AED7D28B4D03000E77F93 = {
			isa = PBXGroup;
			children = (
				011AED8828B4D03000E77F93 /* Trapple */,
				011AED8728B4D03000E77F93 /* Products */,
				011AED9828B4D15600E77F93 /* Frameworks */,
			);
			sourceTree = "<group>";
		};
		011AED8728B4D03000E77F93 /* Products */ = {
			isa = PBXGroup;
			children = (
				011AED8628B4D03000E77F93 /* Trapple.app */,
			);
			name = Products;
			sourceTree = "<group>";
		};
		011AED8828B4D03000E77F93 /* Trapple */ = {
			isa = PBXGroup;
			children = (
				701E3B0228BB172D008CFEB3 /* Info.plist */,
				B3EFEA4B28B6044900B3C53A /* ViewModel */,
				B3EFEA4A28B6043900B3C53A /* Model */,
				B3EFEA4928B6043300B3C53A /* Views */,
				B3EFEA4828B6042B00B3C53A /* Services */,
				011AED9728B4D12E00E77F93 /* Trapple.entitlements */,
				011AED8928B4D03000E77F93 /* TrappleApp.swift */,
				011AED8D28B4D03300E77F93 /* Assets.xcassets */,
				011AED8F28B4D03300E77F93 /* Preview Content */,
			);
			path = Trapple;
			sourceTree = "<group>";
		};
		011AED8F28B4D03300E77F93 /* Preview Content */ = {
			isa = PBXGroup;
			children = (
				011AED9028B4D03300E77F93 /* Preview Assets.xcassets */,
			);
			path = "Preview Content";
			sourceTree = "<group>";
		};
		011AED9828B4D15600E77F93 /* Frameworks */ = {
			isa = PBXGroup;
			children = (
				011AED9928B4D15600E77F93 /* CloudKit.framework */,
			);
			name = Frameworks;
			sourceTree = "<group>";
		};
		701E3AFD28BB14A8008CFEB3 /* Custom Fonts */ = {
			isa = PBXGroup;
			children = (
				701E3AFE28BB14D2008CFEB3 /* Gilroy-ExtraBold.otf */,
				701E3AFF28BB14D2008CFEB3 /* Gilroy-Light.otf */,
			);
			path = "Custom Fonts";
			sourceTree = "<group>";
		};
		B3EFEA4828B6042B00B3C53A /* Services */ = {
			isa = PBXGroup;
			children = (
				B3B8FD8728BB942C0007A213 /* NavigationAppearance.swift */,
				B3B8FD8928BB944B0007A213 /* ColorSet.swift */,
				B3B8FD8B28BC9C970007A213 /* SubmissionImagePicker.swift */,
			);
			path = Services;
			sourceTree = "<group>";
		};
		B3EFEA4928B6043300B3C53A /* Views */ = {
			isa = PBXGroup;
			children = (
				701E3AFD28BB14A8008CFEB3 /* Custom Fonts */,
				B3EFEA4C28B6045100B3C53A /* CardView */,
				B3EFEA4D28B6078F00B3C53A /* HomeView.swift */,
				B3B8FD9528BE1DFE0007A213 /* AddRundownView.swift */,
				011AED8B28B4D03000E77F93 /* ContentView.swift */,
				B3B8FD7728B895F90007A213 /* TravelPlanView.swift */,
				B3B8FD7928B8960C0007A213 /* MyProfileView.swift */,
				B3B8FD7B28B8B9EE0007A213 /* CreatePlanView.swift */,
				701DD85A28B62459003E53CD /* TripHomePageView.swift */,
				B3B8FD8528BB94110007A213 /* RundownView.swift */,
				B3B8FD8F28BCBD650007A213 /* RulesView.swift */,
				705EBB8C28BCB07C006B985C /* EquipmentView.swift */,
				705EBB8E28BCBFF0006B985C /* AddCategoryView.swift */,
				705EBB9428BDE958006B985C /* AddItemVIew.swift */,
				705EBB9628BDEBE9006B985C /* CategoryView.swift */,
			);
			path = Views;
			sourceTree = "<group>";
		};
		B3EFEA4A28B6043900B3C53A /* Model */ = {
			isa = PBXGroup;
			children = (
				B3B8FD9128BCC3BF0007A213 /* RulesModel.swift */,
			);
			path = Model;
			sourceTree = "<group>";
		};
		B3EFEA4B28B6044900B3C53A /* ViewModel */ = {
			isa = PBXGroup;
			children = (
				B3B8FD9328BCC3C70007A213 /* RulesViewModel.swift */,
			);
			path = ViewModel;
			sourceTree = "<group>";
		};
		B3EFEA4C28B6045100B3C53A /* CardView */ = {
			isa = PBXGroup;
			children = (
				B3B8FD7D28B8C35B0007A213 /* TripCardView.swift */,
				B3B8FD8D28BCA3FB0007A213 /* RulesCardView.swift */,
				705EBB8828BC8940006B985C /* RundownCardview.swift */,
				705EBB8A28BCA435006B985C /* RundownCardviewDetail.swift */,
				705EBB9028BDE8DF006B985C /* EquipmentCardview.swift */,
				705EBB9228BDE8FD006B985C /* ItemListCardview.swift */,
			);
			path = CardView;
			sourceTree = "<group>";
		};
/* End PBXGroup section */

/* Begin PBXNativeTarget section */
		011AED8528B4D03000E77F93 /* Trapple */ = {
			isa = PBXNativeTarget;
			buildConfigurationList = 011AED9428B4D03300E77F93 /* Build configuration list for PBXNativeTarget "Trapple" */;
			buildPhases = (
				011AED8228B4D03000E77F93 /* Sources */,
				011AED8328B4D03000E77F93 /* Frameworks */,
				011AED8428B4D03000E77F93 /* Resources */,
			);
			buildRules = (
			);
			dependencies = (
			);
			name = Trapple;
			productName = Trapple;
			productReference = 011AED8628B4D03000E77F93 /* Trapple.app */;
			productType = "com.apple.product-type.application";
		};
/* End PBXNativeTarget section */

/* Begin PBXProject section */
		011AED7E28B4D03000E77F93 /* Project object */ = {
			isa = PBXProject;
			attributes = {
				BuildIndependentTargetsInParallel = 1;
				LastSwiftUpdateCheck = 1340;
				LastUpgradeCheck = 1340;
				TargetAttributes = {
					011AED8528B4D03000E77F93 = {
						CreatedOnToolsVersion = 13.4.1;
					};
				};
			};
			buildConfigurationList = 011AED8128B4D03000E77F93 /* Build configuration list for PBXProject "Trapple" */;
			compatibilityVersion = "Xcode 13.0";
			developmentRegion = en;
			hasScannedForEncodings = 0;
			knownRegions = (
				en,
				Base,
			);
			mainGroup = 011AED7D28B4D03000E77F93;
			productRefGroup = 011AED8728B4D03000E77F93 /* Products */;
			projectDirPath = "";
			projectRoot = "";
			targets = (
				011AED8528B4D03000E77F93 /* Trapple */,
			);
		};
/* End PBXProject section */

/* Begin PBXResourcesBuildPhase section */
		011AED8428B4D03000E77F93 /* Resources */ = {
			isa = PBXResourcesBuildPhase;
			buildActionMask = 2147483647;
			files = (
				011AED9128B4D03300E77F93 /* Preview Assets.xcassets in Resources */,
				011AED8E28B4D03300E77F93 /* Assets.xcassets in Resources */,
				701E3B0128BB14D2008CFEB3 /* Gilroy-Light.otf in Resources */,
				701E3B0028BB14D2008CFEB3 /* Gilroy-ExtraBold.otf in Resources */,
			);
			runOnlyForDeploymentPostprocessing = 0;
		};
/* End PBXResourcesBuildPhase section */

/* Begin PBXSourcesBuildPhase section */
		011AED8228B4D03000E77F93 /* Sources */ = {
			isa = PBXSourcesBuildPhase;
			buildActionMask = 2147483647;
			files = (
				B3B8FD9028BCBD650007A213 /* RulesView.swift in Sources */,
				B3B8FD7A28B8960C0007A213 /* MyProfileView.swift in Sources */,
				B3EFEA4E28B6078F00B3C53A /* HomeView.swift in Sources */,
				B3B8FD8628BB94110007A213 /* RundownView.swift in Sources */,
				B3B8FD8E28BCA3FB0007A213 /* RulesCardView.swift in Sources */,
				701DD85B28B62459003E53CD /* TripHomePageView.swift in Sources */,
				B3B8FD9428BCC3C70007A213 /* RulesViewModel.swift in Sources */,
				B3B8FD8A28BB944B0007A213 /* ColorSet.swift in Sources */,
				705EBB8928BC8940006B985C /* RundownCardview.swift in Sources */,
				705EBB8D28BCB07C006B985C /* EquipmentView.swift in Sources */,
				705EBB8F28BCBFF0006B985C /* AddCategoryView.swift in Sources */,
				705EBB9728BDEBE9006B985C /* CategoryView.swift in Sources */,
				705EBB8B28BCA435006B985C /* RundownCardviewDetail.swift in Sources */,
				701DD85B28B62459003E53CD /* TripHomePageView.swift in Sources */,
				705EBB9128BDE8DF006B985C /* EquipmentCardview.swift in Sources */,
				705EBB9328BDE8FD006B985C /* ItemListCardview.swift in Sources */,
				011AED8C28B4D03000E77F93 /* ContentView.swift in Sources */,
				B3B8FD8828BB942C0007A213 /* NavigationAppearance.swift in Sources */,
				B3B8FD8C28BC9C970007A213 /* SubmissionImagePicker.swift in Sources */,
				B3B8FD9228BCC3BF0007A213 /* RulesModel.swift in Sources */,
				B3B8FD9628BE1DFE0007A213 /* AddRundownView.swift in Sources */,
				011AED8A28B4D03000E77F93 /* TrappleApp.swift in Sources */,
				B3B8FD7828B895F90007A213 /* TravelPlanView.swift in Sources */,
				B3B8FD7E28B8C35B0007A213 /* TripCardView.swift in Sources */,
				B3B8FD7C28B8B9EE0007A213 /* CreatePlanView.swift in Sources */,
				705EBB9528BDE958006B985C /* AddItemVIew.swift in Sources */,
			);
			runOnlyForDeploymentPostprocessing = 0;
		};
/* End PBXSourcesBuildPhase section */

/* Begin XCBuildConfiguration section */
		011AED9228B4D03300E77F93 /* Debug */ = {
			isa = XCBuildConfiguration;
			buildSettings = {
				ALWAYS_SEARCH_USER_PATHS = NO;
				CLANG_ANALYZER_NONNULL = YES;
				CLANG_ANALYZER_NUMBER_OBJECT_CONVERSION = YES_AGGRESSIVE;
				CLANG_CXX_LANGUAGE_STANDARD = "gnu++17";
				CLANG_ENABLE_MODULES = YES;
				CLANG_ENABLE_OBJC_ARC = YES;
				CLANG_ENABLE_OBJC_WEAK = YES;
				CLANG_WARN_BLOCK_CAPTURE_AUTORELEASING = YES;
				CLANG_WARN_BOOL_CONVERSION = YES;
				CLANG_WARN_COMMA = YES;
				CLANG_WARN_CONSTANT_CONVERSION = YES;
				CLANG_WARN_DEPRECATED_OBJC_IMPLEMENTATIONS = YES;
				CLANG_WARN_DIRECT_OBJC_ISA_USAGE = YES_ERROR;
				CLANG_WARN_DOCUMENTATION_COMMENTS = YES;
				CLANG_WARN_EMPTY_BODY = YES;
				CLANG_WARN_ENUM_CONVERSION = YES;
				CLANG_WARN_INFINITE_RECURSION = YES;
				CLANG_WARN_INT_CONVERSION = YES;
				CLANG_WARN_NON_LITERAL_NULL_CONVERSION = YES;
				CLANG_WARN_OBJC_IMPLICIT_RETAIN_SELF = YES;
				CLANG_WARN_OBJC_LITERAL_CONVERSION = YES;
				CLANG_WARN_OBJC_ROOT_CLASS = YES_ERROR;
				CLANG_WARN_QUOTED_INCLUDE_IN_FRAMEWORK_HEADER = YES;
				CLANG_WARN_RANGE_LOOP_ANALYSIS = YES;
				CLANG_WARN_STRICT_PROTOTYPES = YES;
				CLANG_WARN_SUSPICIOUS_MOVE = YES;
				CLANG_WARN_UNGUARDED_AVAILABILITY = YES_AGGRESSIVE;
				CLANG_WARN_UNREACHABLE_CODE = YES;
				CLANG_WARN__DUPLICATE_METHOD_MATCH = YES;
				COPY_PHASE_STRIP = NO;
				DEBUG_INFORMATION_FORMAT = dwarf;
				ENABLE_STRICT_OBJC_MSGSEND = YES;
				ENABLE_TESTABILITY = YES;
				GCC_C_LANGUAGE_STANDARD = gnu11;
				GCC_DYNAMIC_NO_PIC = NO;
				GCC_NO_COMMON_BLOCKS = YES;
				GCC_OPTIMIZATION_LEVEL = 0;
				GCC_PREPROCESSOR_DEFINITIONS = (
					"DEBUG=1",
					"$(inherited)",
				);
				GCC_WARN_64_TO_32_BIT_CONVERSION = YES;
				GCC_WARN_ABOUT_RETURN_TYPE = YES_ERROR;
				GCC_WARN_UNDECLARED_SELECTOR = YES;
				GCC_WARN_UNINITIALIZED_AUTOS = YES_AGGRESSIVE;
				GCC_WARN_UNUSED_FUNCTION = YES;
				GCC_WARN_UNUSED_VARIABLE = YES;
				IPHONEOS_DEPLOYMENT_TARGET = 15.5;
				MTL_ENABLE_DEBUG_INFO = INCLUDE_SOURCE;
				MTL_FAST_MATH = YES;
				ONLY_ACTIVE_ARCH = YES;
				SDKROOT = iphoneos;
				SWIFT_ACTIVE_COMPILATION_CONDITIONS = DEBUG;
				SWIFT_OPTIMIZATION_LEVEL = "-Onone";
			};
			name = Debug;
		};
		011AED9328B4D03300E77F93 /* Release */ = {
			isa = XCBuildConfiguration;
			buildSettings = {
				ALWAYS_SEARCH_USER_PATHS = NO;
				CLANG_ANALYZER_NONNULL = YES;
				CLANG_ANALYZER_NUMBER_OBJECT_CONVERSION = YES_AGGRESSIVE;
				CLANG_CXX_LANGUAGE_STANDARD = "gnu++17";
				CLANG_ENABLE_MODULES = YES;
				CLANG_ENABLE_OBJC_ARC = YES;
				CLANG_ENABLE_OBJC_WEAK = YES;
				CLANG_WARN_BLOCK_CAPTURE_AUTORELEASING = YES;
				CLANG_WARN_BOOL_CONVERSION = YES;
				CLANG_WARN_COMMA = YES;
				CLANG_WARN_CONSTANT_CONVERSION = YES;
				CLANG_WARN_DEPRECATED_OBJC_IMPLEMENTATIONS = YES;
				CLANG_WARN_DIRECT_OBJC_ISA_USAGE = YES_ERROR;
				CLANG_WARN_DOCUMENTATION_COMMENTS = YES;
				CLANG_WARN_EMPTY_BODY = YES;
				CLANG_WARN_ENUM_CONVERSION = YES;
				CLANG_WARN_INFINITE_RECURSION = YES;
				CLANG_WARN_INT_CONVERSION = YES;
				CLANG_WARN_NON_LITERAL_NULL_CONVERSION = YES;
				CLANG_WARN_OBJC_IMPLICIT_RETAIN_SELF = YES;
				CLANG_WARN_OBJC_LITERAL_CONVERSION = YES;
				CLANG_WARN_OBJC_ROOT_CLASS = YES_ERROR;
				CLANG_WARN_QUOTED_INCLUDE_IN_FRAMEWORK_HEADER = YES;
				CLANG_WARN_RANGE_LOOP_ANALYSIS = YES;
				CLANG_WARN_STRICT_PROTOTYPES = YES;
				CLANG_WARN_SUSPICIOUS_MOVE = YES;
				CLANG_WARN_UNGUARDED_AVAILABILITY = YES_AGGRESSIVE;
				CLANG_WARN_UNREACHABLE_CODE = YES;
				CLANG_WARN__DUPLICATE_METHOD_MATCH = YES;
				COPY_PHASE_STRIP = NO;
				DEBUG_INFORMATION_FORMAT = "dwarf-with-dsym";
				ENABLE_NS_ASSERTIONS = NO;
				ENABLE_STRICT_OBJC_MSGSEND = YES;
				GCC_C_LANGUAGE_STANDARD = gnu11;
				GCC_NO_COMMON_BLOCKS = YES;
				GCC_WARN_64_TO_32_BIT_CONVERSION = YES;
				GCC_WARN_ABOUT_RETURN_TYPE = YES_ERROR;
				GCC_WARN_UNDECLARED_SELECTOR = YES;
				GCC_WARN_UNINITIALIZED_AUTOS = YES_AGGRESSIVE;
				GCC_WARN_UNUSED_FUNCTION = YES;
				GCC_WARN_UNUSED_VARIABLE = YES;
				IPHONEOS_DEPLOYMENT_TARGET = 15.5;
				MTL_ENABLE_DEBUG_INFO = NO;
				MTL_FAST_MATH = YES;
				SDKROOT = iphoneos;
				SWIFT_COMPILATION_MODE = wholemodule;
				SWIFT_OPTIMIZATION_LEVEL = "-O";
				VALIDATE_PRODUCT = YES;
			};
			name = Release;
		};
		011AED9528B4D03300E77F93 /* Debug */ = {
			isa = XCBuildConfiguration;
			buildSettings = {
				ASSETCATALOG_COMPILER_APPICON_NAME = AppIcon;
				ASSETCATALOG_COMPILER_GLOBAL_ACCENT_COLOR_NAME = AccentColor;
				CODE_SIGN_ENTITLEMENTS = Trapple/Trapple.entitlements;
				CODE_SIGN_IDENTITY = "Apple Development";
				CODE_SIGN_STYLE = Manual;
				CURRENT_PROJECT_VERSION = 1;
				DEVELOPMENT_ASSET_PATHS = "\"Trapple/Preview Content\"";
				DEVELOPMENT_TEAM = "";
				ENABLE_PREVIEWS = YES;
				GENERATE_INFOPLIST_FILE = YES;
				INFOPLIST_FILE = Trapple/Info.plist;
				INFOPLIST_KEY_UIApplicationSceneManifest_Generation = YES;
				INFOPLIST_KEY_UIApplicationSupportsIndirectInputEvents = YES;
				INFOPLIST_KEY_UILaunchScreen_Generation = YES;
				INFOPLIST_KEY_UISupportedInterfaceOrientations_iPad = "UIInterfaceOrientationPortrait UIInterfaceOrientationPortraitUpsideDown UIInterfaceOrientationLandscapeLeft UIInterfaceOrientationLandscapeRight";
				INFOPLIST_KEY_UISupportedInterfaceOrientations_iPhone = "UIInterfaceOrientationPortrait UIInterfaceOrientationLandscapeLeft UIInterfaceOrientationLandscapeRight";
				LD_RUNPATH_SEARCH_PATHS = (
					"$(inherited)",
					"@executable_path/Frameworks",
				);
				MARKETING_VERSION = 1.0;
				PRODUCT_BUNDLE_IDENTIFIER = com.Adventurer.Trapple;
				PRODUCT_NAME = "$(TARGET_NAME)";
				PROVISIONING_PROFILE_SPECIFIER = "";
				SWIFT_EMIT_LOC_STRINGS = YES;
				SWIFT_VERSION = 5.0;
				TARGETED_DEVICE_FAMILY = "1,2";
			};
			name = Debug;
		};
		011AED9628B4D03300E77F93 /* Release */ = {
			isa = XCBuildConfiguration;
			buildSettings = {
				ASSETCATALOG_COMPILER_APPICON_NAME = AppIcon;
				ASSETCATALOG_COMPILER_GLOBAL_ACCENT_COLOR_NAME = AccentColor;
				CODE_SIGN_ENTITLEMENTS = Trapple/Trapple.entitlements;
				CODE_SIGN_IDENTITY = "Apple Development";
				CODE_SIGN_STYLE = Manual;
				CURRENT_PROJECT_VERSION = 1;
				DEVELOPMENT_ASSET_PATHS = "\"Trapple/Preview Content\"";
				DEVELOPMENT_TEAM = "";
				ENABLE_PREVIEWS = YES;
				GENERATE_INFOPLIST_FILE = YES;
				INFOPLIST_FILE = Trapple/Info.plist;
				INFOPLIST_KEY_UIApplicationSceneManifest_Generation = YES;
				INFOPLIST_KEY_UIApplicationSupportsIndirectInputEvents = YES;
				INFOPLIST_KEY_UILaunchScreen_Generation = YES;
				INFOPLIST_KEY_UISupportedInterfaceOrientations_iPad = "UIInterfaceOrientationPortrait UIInterfaceOrientationPortraitUpsideDown UIInterfaceOrientationLandscapeLeft UIInterfaceOrientationLandscapeRight";
				INFOPLIST_KEY_UISupportedInterfaceOrientations_iPhone = "UIInterfaceOrientationPortrait UIInterfaceOrientationLandscapeLeft UIInterfaceOrientationLandscapeRight";
				LD_RUNPATH_SEARCH_PATHS = (
					"$(inherited)",
					"@executable_path/Frameworks",
				);
				MARKETING_VERSION = 1.0;
				PRODUCT_BUNDLE_IDENTIFIER = com.Adventurer.Trapple;
				PRODUCT_NAME = "$(TARGET_NAME)";
				PROVISIONING_PROFILE_SPECIFIER = "";
				SWIFT_EMIT_LOC_STRINGS = YES;
				SWIFT_VERSION = 5.0;
				TARGETED_DEVICE_FAMILY = "1,2";
			};
			name = Release;
		};
/* End XCBuildConfiguration section */

/* Begin XCConfigurationList section */
		011AED8128B4D03000E77F93 /* Build configuration list for PBXProject "Trapple" */ = {
			isa = XCConfigurationList;
			buildConfigurations = (
				011AED9228B4D03300E77F93 /* Debug */,
				011AED9328B4D03300E77F93 /* Release */,
			);
			defaultConfigurationIsVisible = 0;
			defaultConfigurationName = Release;
		};
		011AED9428B4D03300E77F93 /* Build configuration list for PBXNativeTarget "Trapple" */ = {
			isa = XCConfigurationList;
			buildConfigurations = (
				011AED9528B4D03300E77F93 /* Debug */,
				011AED9628B4D03300E77F93 /* Release */,
			);
			defaultConfigurationIsVisible = 0;
			defaultConfigurationName = Release;
		};
/* End XCConfigurationList section */
	};
	rootObject = 011AED7E28B4D03000E77F93 /* Project object */;
}
